
Microsoft Visual Studio Solution File, Format Version 12.00
# Visual Studio 14
VisualStudioVersion = 14.0.25123.0
MinimumVisualStudioVersion = 10.0.40219.1
Project("{FAE04EC0-301F-11D3-BF4B-00C04F79EFBC}") = "02.StudentsAndWorkers", "02.StudentsAndWorkers\02.StudentsAndWorkers.csproj", "{D1FCAA5C-D191-4167-A05D-5B2C765D2BE6}"
EndProject
Project("{FAE04EC0-301F-11D3-BF4B-00C04F79EFBC}") = "03.AnimalHierarchy", "03.AnimalHierarchy\03.AnimalHierarchy.csproj", "{FD8F3A46-B544-4EF0-AB4F-57B122F04072}"
EndProject
Project("{FAE04EC0-301F-11D3-BF4B-00C04F79EFBC}") = "01.SchoolClass", "..\..\..\..\Desktop\New folder (2)\OOPPrinciplesPart1\OOPPrinciplesPart1\OOPPrinciplesPart1\01.SchoolClass.csproj", "{74232BF3-154F-4561-A71C-B7768F1F96F0}"
EndProject
Global
	GlobalSection(SolutionConfigurationPlatforms) = preSolution
		Debug|Any CPU = Debug|Any CPU
		Release|Any CPU = Release|Any CPU
	EndGlobalSection
	GlobalSection(ProjectConfigurationPlatforms) = postSolution
		{D1FCAA5C-D191-4167-A05D-5B2C765D2BE6}.Debug|Any CPU.ActiveCfg = Debug|Any CPU
		{D1FCAA5C-D191-4167-A05D-5B2C765D2BE6}.Debug|Any CPU.Build.0 = Debug|Any CPU
		{D1FCAA5C-D191-4167-A05D-5B2C765D2BE6}.Release|Any CPU.ActiveCfg = Release|Any CPU
		{D1FCAA5C-D191-4167-A05D-5B2C765D2BE6}.Release|Any CPU.Build.0 = Release|Any CPU
		{FD8F3A46-B544-4EF0-AB4F-57B122F04072}.Debug|Any CPU.ActiveCfg = Debug|Any CPU
		{FD8F3A46-B544-4EF0-AB4F-57B122F04072}.Debug|Any CPU.Build.0 = Debug|Any CPU
		{FD8F3A46-B544-4EF0-AB4F-57B122F04072}.Release|Any CPU.ActiveCfg = Release|Any CPU
		{FD8F3A46-B544-4EF0-AB4F-57B122F04072}.Release|Any CPU.Build.0 = Release|Any CPU
		{74232BF3-154F-4561-A71C-B7768F1F96F0}.Debug|Any CPU.ActiveCfg = Debug|Any CPU
		{74232BF3-154F-4561-A71C-B7768F1F96F0}.Debug|Any CPU.Build.0 = Debug|Any CPU
		{74232BF3-154F-4561-A71C-B7768F1F96F0}.Release|Any CPU.ActiveCfg = Release|Any CPU
		{74232BF3-154F-4561-A71C-B7768F1F96F0}.Release|Any CPU.Build.0 = Release|Any CPU
	EndGlobalSection
	GlobalSection(SolutionProperties) = preSolution
		HideSolutionNode = FALSE
	EndGlobalSection
EndGlobal
